
Microsoft Visual Studio Solution File, Format Version 12.00
# Visual Studio 2013
VisualStudioVersion = 12.0.40629.0
MinimumVisualStudioVersion = 10.0.40219.1
Project("{FAE04EC0-301F-11D3-BF4B-00C04F79EFBC}") = "Passagens", "Passagens\Passagens.csproj", "{743CE424-DB7F-4256-93F5-9158EF6FDD5A}"
EndProject
Project("{FAE04EC0-301F-11D3-BF4B-00C04F79EFBC}") = "Hosting", "Hosting\Hosting.csproj", "{2A055C4E-038B-4FA8-BD5E-966EBB076B5E}"
EndProject
Project("{FAE04EC0-301F-11D3-BF4B-00C04F79EFBC}") = "ConsumindoServico", "ConsumindoServico\ConsumindoServico.csproj", "{443F7071-E8C1-40E8-8141-5809A5E480E2}"
	ProjectSection(ProjectDependencies) = postProject
		{743CE424-DB7F-4256-93F5-9158EF6FDD5A} = {743CE424-DB7F-4256-93F5-9158EF6FDD5A}
	EndProjectSection
EndProject
Project("{FAE04EC0-301F-11D3-BF4B-00C04F79EFBC}") = "NHibernateDemoApp", "NHibernateDemoApp\NHibernateDemoApp.csproj", "{9FB9935F-7CE9-4581-A9B9-38D01FEBC96F}"
EndProject
Global
	GlobalSection(SolutionConfigurationPlatforms) = preSolution
		Debug|Any CPU = Debug|Any CPU
		Release|Any CPU = Release|Any CPU
	EndGlobalSection
	GlobalSection(ProjectConfigurationPlatforms) = postSolution
		{743CE424-DB7F-4256-93F5-9158EF6FDD5A}.Debug|Any CPU.ActiveCfg = Debug|Any CPU
		{743CE424-DB7F-4256-93F5-9158EF6FDD5A}.Debug|Any CPU.Build.0 = Debug|Any CPU
		{743CE424-DB7F-4256-93F5-9158EF6FDD5A}.Release|Any CPU.ActiveCfg = Release|Any CPU
		{743CE424-DB7F-4256-93F5-9158EF6FDD5A}.Release|Any CPU.Build.0 = Release|Any CPU
		{2A055C4E-038B-4FA8-BD5E-966EBB076B5E}.Debug|Any CPU.ActiveCfg = Debug|Any CPU
		{2A055C4E-038B-4FA8-BD5E-966EBB076B5E}.Debug|Any CPU.Build.0 = Debug|Any CPU
		{2A055C4E-038B-4FA8-BD5E-966EBB076B5E}.Release|Any CPU.ActiveCfg = Release|Any CPU
		{2A055C4E-038B-4FA8-BD5E-966EBB076B5E}.Release|Any CPU.Build.0 = Release|Any CPU
		{443F7071-E8C1-40E8-8141-5809A5E480E2}.Debug|Any CPU.ActiveCfg = Debug|Any CPU
		{443F7071-E8C1-40E8-8141-5809A5E480E2}.Debug|Any CPU.Build.0 = Debug|Any CPU
		{443F7071-E8C1-40E8-8141-5809A5E480E2}.Release|Any CPU.ActiveCfg = Release|Any CPU
		{443F7071-E8C1-40E8-8141-5809A5E480E2}.Release|Any CPU.Build.0 = Release|Any CPU
		{9FB9935F-7CE9-4581-A9B9-38D01FEBC96F}.Debug|Any CPU.ActiveCfg = Debug|Any CPU
		{9FB9935F-7CE9-4581-A9B9-38D01FEBC96F}.Debug|Any CPU.Build.0 = Debug|Any CPU
		{9FB9935F-7CE9-4581-A9B9-38D01FEBC96F}.Release|Any CPU.ActiveCfg = Release|Any CPU
		{9FB9935F-7CE9-4581-A9B9-38D01FEBC96F}.Release|Any CPU.Build.0 = Release|Any CPU
	EndGlobalSection
	GlobalSection(SolutionProperties) = preSolution
		HideSolutionNode = FALSE
	EndGlobalSection
EndGlobal
